
Microsoft Visual Studio Solution File, Format Version 12.00
# Visual Studio 15
VisualStudioVersion = 15.0.27130.2036
MinimumVisualStudioVersion = 10.0.40219.1
Project("{FAE04EC0-301F-11D3-BF4B-00C04F79EFBC}") = "HeightMapGeneration", "HeightMapGeneration\HeightMapGeneration.csproj", "{A2D963B5-303A-4BE9-8367-C97FFF274B36}"
EndProject
Project("{FAE04EC0-301F-11D3-BF4B-00C04F79EFBC}") = "PerlinNoises", "PerlinNoises\PerlinNoises.csproj", "{29A6ED5F-4AAA-4BF3-B69F-8064AC88BDEB}"
EndProject
Global
	GlobalSection(SolutionConfigurationPlatforms) = preSolution
		Debug|Any CPU = Debug|Any CPU
		Release|Any CPU = Release|Any CPU
	EndGlobalSection
	GlobalSection(ProjectConfigurationPlatforms) = postSolution
		{A2D963B5-303A-4BE9-8367-C97FFF274B36}.Debug|Any CPU.ActiveCfg = Debug|Any CPU
		{A2D963B5-303A-4BE9-8367-C97FFF274B36}.Debug|Any CPU.Build.0 = Debug|Any CPU
		{A2D963B5-303A-4BE9-8367-C97FFF274B36}.Release|Any CPU.ActiveCfg = Release|Any CPU
		{A2D963B5-303A-4BE9-8367-C97FFF274B36}.Release|Any CPU.Build.0 = Release|Any CPU
		{29A6ED5F-4AAA-4BF3-B69F-8064AC88BDEB}.Debug|Any CPU.ActiveCfg = Debug|Any CPU
		{29A6ED5F-4AAA-4BF3-B69F-8064AC88BDEB}.Debug|Any CPU.Build.0 = Debug|Any CPU
		{29A6ED5F-4AAA-4BF3-B69F-8064AC88BDEB}.Release|Any CPU.ActiveCfg = Release|Any CPU
		{29A6ED5F-4AAA-4BF3-B69F-8064AC88BDEB}.Release|Any CPU.Build.0 = Release|Any CPU
	EndGlobalSection
	GlobalSection(SolutionProperties) = preSolution
		HideSolutionNode = FALSE
	EndGlobalSection
	GlobalSection(ExtensibilityGlobals) = postSolution
		SolutionGuid = {A87BC6D7-E791-4ACC-ADC0-591363207973}
	EndGlobalSection
EndGlobal
